
Microsoft Visual Studio Solution File, Format Version 12.00
# Visual Studio 15
VisualStudioVersion = 15.0.26730.12
MinimumVisualStudioVersion = 10.0.40219.1
Project("{FAE04EC0-301F-11D3-BF4B-00C04F79EFBC}") = "Vega", "Vega\Vega.csproj", "{C987D766-CD6E-4BF4-8C6C-C249796D33E0}"
EndProject
Global
	GlobalSection(SolutionConfigurationPlatforms) = preSolution
		Debug|Any CPU = Debug|Any CPU
		Release|Any CPU = Release|Any CPU
	EndGlobalSection
	GlobalSection(ProjectConfigurationPlatforms) = postSolution
		{C987D766-CD6E-4BF4-8C6C-C249796D33E0}.Debug|Any CPU.ActiveCfg = Debug|Any CPU
		{C987D766-CD6E-4BF4-8C6C-C249796D33E0}.Debug|Any CPU.Build.0 = Debug|Any CPU
		{C987D766-CD6E-4BF4-8C6C-C249796D33E0}.Release|Any CPU.ActiveCfg = Release|Any CPU
		{C987D766-CD6E-4BF4-8C6C-C249796D33E0}.Release|Any CPU.Build.0 = Release|Any CPU
	EndGlobalSection
	GlobalSection(SolutionProperties) = preSolution
		HideSolutionNode = FALSE
	EndGlobalSection
	GlobalSection(ExtensibilityGlobals) = postSolution
		SolutionGuid = {423BE55B-E828-4164-85CA-B2DE67524DA9}
	EndGlobalSection
EndGlobal
